// !$*UTF8*$!
{
	archiveVersion = 1;
	classes = {
	};
	objectVersion = 56;
	objects = {

/* Begin PBXBuildFile section */
		651914F32A77F6B0006593C7 /* AppDelegate.swift in Sources */ = {isa = PBXBuildFile; fileRef = 651914F22A77F6B0006593C7 /* AppDelegate.swift */; };
		651914F52A77F6B0006593C7 /* SceneDelegate.swift in Sources */ = {isa = PBXBuildFile; fileRef = 651914F42A77F6B0006593C7 /* SceneDelegate.swift */; };
		651914F72A77F6B0006593C7 /* ViewController.swift in Sources */ = {isa = PBXBuildFile; fileRef = 651914F62A77F6B0006593C7 /* ViewController.swift */; };
		651914FA2A77F6B0006593C7 /* Main.storyboard in Resources */ = {isa = PBXBuildFile; fileRef = 651914F82A77F6B0006593C7 /* Main.storyboard */; };
		651914FC2A77F6B1006593C7 /* Assets.xcassets in Resources */ = {isa = PBXBuildFile; fileRef = 651914FB2A77F6B1006593C7 /* Assets.xcassets */; };
		651914FF2A77F6B1006593C7 /* LaunchScreen.storyboard in Resources */ = {isa = PBXBuildFile; fileRef = 651914FD2A77F6B1006593C7 /* LaunchScreen.storyboard */; };
		651915092A77FDA9006593C7 /* HomeViewController.swift in Sources */ = {isa = PBXBuildFile; fileRef = 651915082A77FDA9006593C7 /* HomeViewController.swift */; };
		6519150B2A7803AC006593C7 /* MangerViewController.swift in Sources */ = {isa = PBXBuildFile; fileRef = 6519150A2A7803AC006593C7 /* MangerViewController.swift */; };
		6519150D2A7803C7006593C7 /* RigolerViewController.swift in Sources */ = {isa = PBXBuildFile; fileRef = 6519150C2A7803C7006593C7 /* RigolerViewController.swift */; };
		6519150F2A7803D5006593C7 /* BougerViewController.swift in Sources */ = {isa = PBXBuildFile; fileRef = 6519150E2A7803D5006593C7 /* BougerViewController.swift */; };
		651915192A781C37006593C7 /* MyTabBarController.swift in Sources */ = {isa = PBXBuildFile; fileRef = 651915182A781C37006593C7 /* MyTabBarController.swift */; };
		6519151D2A78211E006593C7 /* MyNavigationController.swift in Sources */ = {isa = PBXBuildFile; fileRef = 6519151C2A78211E006593C7 /* MyNavigationController.swift */; };
/* End PBXBuildFile section */

/* Begin PBXFileReference section */
		651914EF2A77F6B0006593C7 /* Fil Rouge.app */ = {isa = PBXFileReference; explicitFileType = wrapper.application; includeInIndex = 0; path = "Fil Rouge.app"; sourceTree = BUILT_PRODUCTS_DIR; };
		651914F22A77F6B0006593C7 /* AppDelegate.swift */ = {isa = PBXFileReference; lastKnownFileType = sourcecode.swift; path = AppDelegate.swift; sourceTree = "<group>"; };
		651914F42A77F6B0006593C7 /* SceneDelegate.swift */ = {isa = PBXFileReference; lastKnownFileType = sourcecode.swift; path = SceneDelegate.swift; sourceTree = "<group>"; };
		651914F62A77F6B0006593C7 /* ViewController.swift */ = {isa = PBXFileReference; lastKnownFileType = sourcecode.swift; path = ViewController.swift; sourceTree = "<group>"; };
		651914F92A77F6B0006593C7 /* Base */ = {isa = PBXFileReference; lastKnownFileType = file.storyboard; name = Base; path = Base.lproj/Main.storyboard; sourceTree = "<group>"; };
		651914FB2A77F6B1006593C7 /* Assets.xcassets */ = {isa = PBXFileReference; lastKnownFileType = folder.assetcatalog; path = Assets.xcassets; sourceTree = "<group>"; };
		651914FE2A77F6B1006593C7 /* Base */ = {isa = PBXFileReference; lastKnownFileType = file.storyboard; name = Base; path = Base.lproj/LaunchScreen.storyboard; sourceTree = "<group>"; };
		651915002A77F6B1006593C7 /* Info.plist */ = {isa = PBXFileReference; lastKnownFileType = text.plist.xml; path = Info.plist; sourceTree = "<group>"; };
		651915082A77FDA9006593C7 /* HomeViewController.swift */ = {isa = PBXFileReference; lastKnownFileType = sourcecode.swift; path = HomeViewController.swift; sourceTree = "<group>"; };
		6519150A2A7803AC006593C7 /* MangerViewController.swift */ = {isa = PBXFileReference; lastKnownFileType = sourcecode.swift; path = MangerViewController.swift; sourceTree = "<group>"; };
		6519150C2A7803C7006593C7 /* RigolerViewController.swift */ = {isa = PBXFileReference; lastKnownFileType = sourcecode.swift; path = RigolerViewController.swift; sourceTree = "<group>"; };
		6519150E2A7803D5006593C7 /* BougerViewController.swift */ = {isa = PBXFileReference; lastKnownFileType = sourcecode.swift; path = BougerViewController.swift; sourceTree = "<group>"; };
		651915182A781C37006593C7 /* MyTabBarController.swift */ = {isa = PBXFileReference; lastKnownFileType = sourcecode.swift; path = MyTabBarController.swift; sourceTree = "<group>"; };
		6519151C2A78211E006593C7 /* MyNavigationController.swift */ = {isa = PBXFileReference; lastKnownFileType = sourcecode.swift; path = MyNavigationController.swift; sourceTree = "<group>"; };
/* End PBXFileReference section */

/* Begin PBXFrameworksBuildPhase section */
		651914EC2A77F6B0006593C7 /* Frameworks */ = {
			isa = PBXFrameworksBuildPhase;
			buildActionMask = 2147483647;
			files = (
			);
			runOnlyForDeploymentPostprocessing = 0;
		};
/* End PBXFrameworksBuildPhase section */

/* Begin PBXGroup section */
		651914E62A77F6B0006593C7 = {
			isa = PBXGroup;
			children = (
				651914F12A77F6B0006593C7 /* Fil Rouge */,
				651914F02A77F6B0006593C7 /* Products */,
			);
			sourceTree = "<group>";
		};
		651914F02A77F6B0006593C7 /* Products */ = {
			isa = PBXGroup;
			children = (
				651914EF2A77F6B0006593C7 /* Fil Rouge.app */,
			);
			name = Products;
			sourceTree = "<group>";
		};
		651914F12A77F6B0006593C7 /* Fil Rouge */ = {
			isa = PBXGroup;
			children = (
				651914F22A77F6B0006593C7 /* AppDelegate.swift */,
				6519150E2A7803D5006593C7 /* BougerViewController.swift */,
				6519150C2A7803C7006593C7 /* RigolerViewController.swift */,
				6519150A2A7803AC006593C7 /* MangerViewController.swift */,
				651914F42A77F6B0006593C7 /* SceneDelegate.swift */,
				651914F62A77F6B0006593C7 /* ViewController.swift */,
				651915182A781C37006593C7 /* MyTabBarController.swift */,
				651914F82A77F6B0006593C7 /* Main.storyboard */,
				651915082A77FDA9006593C7 /* HomeViewController.swift */,
				6519151C2A78211E006593C7 /* MyNavigationController.swift */,
				651914FB2A77F6B1006593C7 /* Assets.xcassets */,
				651914FD2A77F6B1006593C7 /* LaunchScreen.storyboard */,
				651915002A77F6B1006593C7 /* Info.plist */,
			);
			path = "Fil Rouge";
			sourceTree = "<group>";
		};
/* End PBXGroup section */

/* Begin PBXNativeTarget section */
		651914EE2A77F6B0006593C7 /* Fil Rouge */ = {
			isa = PBXNativeTarget;
			buildConfigurationList = 651915032A77F6B1006593C7 /* Build configuration list for PBXNativeTarget "Fil Rouge" */;
			buildPhases = (
				651914EB2A77F6B0006593C7 /* Sources */,
				651914EC2A77F6B0006593C7 /* Frameworks */,
				651914ED2A77F6B0006593C7 /* Resources */,
			);
			buildRules = (
			);
			dependencies = (
			);
			name = "Fil Rouge";
			productName = "Fil Rouge";
			productReference = 651914EF2A77F6B0006593C7 /* Fil Rouge.app */;
			productType = "com.apple.product-type.application";
		};
/* End PBXNativeTarget section */

/* Begin PBXProject section */
		651914E72A77F6B0006593C7 /* Project object */ = {
			isa = PBXProject;
			attributes = {
				BuildIndependentTargetsInParallel = 1;
				LastSwiftUpdateCheck = 1430;
				LastUpgradeCheck = 1430;
				TargetAttributes = {
					651914EE2A77F6B0006593C7 = {
						CreatedOnToolsVersion = 14.3.1;
					};
				};
			};
			buildConfigurationList = 651914EA2A77F6B0006593C7 /* Build configuration list for PBXProject "Fil Rouge" */;
			compatibilityVersion = "Xcode 14.0";
			developmentRegion = en;
			hasScannedForEncodings = 0;
			knownRegions = (
				en,
				Base,
			);
			mainGroup = 651914E62A77F6B0006593C7;
			productRefGroup = 651914F02A77F6B0006593C7 /* Products */;
			projectDirPath = "";
			projectRoot = "";
			targets = (
				651914EE2A77F6B0006593C7 /* Fil Rouge */,
			);
		};
/* End PBXProject section */

/* Begin PBXResourcesBuildPhase section */
		651914ED2A77F6B0006593C7 /* Resources */ = {
			isa = PBXResourcesBuildPhase;
			buildActionMask = 2147483647;
			files = (
				651914FF2A77F6B1006593C7 /* LaunchScreen.storyboard in Resources */,
				651914FC2A77F6B1006593C7 /* Assets.xcassets in Resources */,
				651914FA2A77F6B0006593C7 /* Main.storyboard in Resources */,
			);
			runOnlyForDeploymentPostprocessing = 0;
		};
/* End PBXResourcesBuildPhase section */

/* Begin PBXSourcesBuildPhase section */
		651914EB2A77F6B0006593C7 /* Sources */ = {
			isa = PBXSourcesBuildPhase;
			buildActionMask = 2147483647;
			files = (
				651914F72A77F6B0006593C7 /* ViewController.swift in Sources */,
				651915192A781C37006593C7 /* MyTabBarController.swift in Sources */,
				651914F32A77F6B0006593C7 /* AppDelegate.swift in Sources */,
				6519151D2A78211E006593C7 /* MyNavigationController.swift in Sources */,
				651914F52A77F6B0006593C7 /* SceneDelegate.swift in Sources */,
				651915092A77FDA9006593C7 /* HomeViewController.swift in Sources */,
				6519150B2A7803AC006593C7 /* MangerViewController.swift in Sources */,
				6519150F2A7803D5006593C7 /* BougerViewController.swift in Sources */,
				6519150D2A7803C7006593C7 /* RigolerViewController.swift in Sources */,
			);
			runOnlyForDeploymentPostprocessing = 0;
		};
/* End PBXSourcesBuildPhase section */

/* Begin PBXVariantGroup section */
		651914F82A77F6B0006593C7 /* Main.storyboard */ = {
			isa = PBXVariantGroup;
			children = (
				651914F92A77F6B0006593C7 /* Base */,
			);
			name = Main.storyboard;
			sourceTree = "<group>";
		};
		651914FD2A77F6B1006593C7 /* LaunchScreen.storyboard */ = {
			isa = PBXVariantGroup;
			children = (
				651914FE2A77F6B1006593C7 /* Base */,
			);
			name = LaunchScreen.storyboard;
			sourceTree = "<group>";
		};
/* End PBXVariantGroup section */

/* Begin XCBuildConfiguration section */
		651915012A77F6B1006593C7 /* Debug */ = {
			isa = XCBuildConfiguration;
			buildSettings = {
				ALWAYS_SEARCH_USER_PATHS = NO;
				CLANG_ANALYZER_NONNULL = YES;
				CLANG_ANALYZER_NUMBER_OBJECT_CONVERSION = YES_AGGRESSIVE;
				CLANG_CXX_LANGUAGE_STANDARD = "gnu++20";
				CLANG_ENABLE_MODULES = YES;
				CLANG_ENABLE_OBJC_ARC = YES;
				CLANG_ENABLE_OBJC_WEAK = YES;
				CLANG_WARN_BLOCK_CAPTURE_AUTORELEASING = YES;
				CLANG_WARN_BOOL_CONVERSION = YES;
				CLANG_WARN_COMMA = YES;
				CLANG_WARN_CONSTANT_CONVERSION = YES;
				CLANG_WARN_DEPRECATED_OBJC_IMPLEMENTATIONS = YES;
				CLANG_WARN_DIRECT_OBJC_ISA_USAGE = YES_ERROR;
				CLANG_WARN_DOCUMENTATION_COMMENTS = YES;
				CLANG_WARN_EMPTY_BODY = YES;
				CLANG_WARN_ENUM_CONVERSION = YES;
				CLANG_WARN_INFINITE_RECURSION = YES;
				CLANG_WARN_INT_CONVERSION = YES;
				CLANG_WARN_NON_LITERAL_NULL_CONVERSION = YES;
				CLANG_WARN_OBJC_IMPLICIT_RETAIN_SELF = YES;
				CLANG_WARN_OBJC_LITERAL_CONVERSION = YES;
				CLANG_WARN_OBJC_ROOT_CLASS = YES_ERROR;
				CLANG_WARN_QUOTED_INCLUDE_IN_FRAMEWORK_HEADER = YES;
				CLANG_WARN_RANGE_LOOP_ANALYSIS = YES;
				CLANG_WARN_STRICT_PROTOTYPES = YES;
				CLANG_WARN_SUSPICIOUS_MOVE = YES;
				CLANG_WARN_UNGUARDED_AVAILABILITY = YES_AGGRESSIVE;
				CLANG_WARN_UNREACHABLE_CODE = YES;
				CLANG_WARN__DUPLICATE_METHOD_MATCH = YES;
				COPY_PHASE_STRIP = NO;
				DEBUG_INFORMATION_FORMAT = dwarf;
				ENABLE_STRICT_OBJC_MSGSEND = YES;
				ENABLE_TESTABILITY = YES;
				GCC_C_LANGUAGE_STANDARD = gnu11;
				GCC_DYNAMIC_NO_PIC = NO;
				GCC_NO_COMMON_BLOCKS = YES;
				GCC_OPTIMIZATION_LEVEL = 0;
				GCC_PREPROCESSOR_DEFINITIONS = (
					"DEBUG=1",
					"$(inherited)",
				);
				GCC_WARN_64_TO_32_BIT_CONVERSION = YES;
				GCC_WARN_ABOUT_RETURN_TYPE = YES_ERROR;
				GCC_WARN_UNDECLARED_SELECTOR = YES;
				GCC_WARN_UNINITIALIZED_AUTOS = YES_AGGRESSIVE;
				GCC_WARN_UNUSED_FUNCTION = YES;
				GCC_WARN_UNUSED_VARIABLE = YES;
				IPHONEOS_DEPLOYMENT_TARGET = 16.4;
				MTL_ENABLE_DEBUG_INFO = INCLUDE_SOURCE;
				MTL_FAST_MATH = YES;
				ONLY_ACTIVE_ARCH = YES;
				SDKROOT = iphoneos;
				SWIFT_ACTIVE_COMPILATION_CONDITIONS = DEBUG;
				SWIFT_OPTIMIZATION_LEVEL = "-Onone";
			};
			name = Debug;
		};
		651915022A77F6B1006593C7 /* Release */ = {
			isa = XCBuildConfiguration;
			buildSettings = {
				ALWAYS_SEARCH_USER_PATHS = NO;
				CLANG_ANALYZER_NONNULL = YES;
				CLANG_ANALYZER_NUMBER_OBJECT_CONVERSION = YES_AGGRESSIVE;
				CLANG_CXX_LANGUAGE_STANDARD = "gnu++20";
				CLANG_ENABLE_MODULES = YES;
				CLANG_ENABLE_OBJC_ARC = YES;
				CLANG_ENABLE_OBJC_WEAK = YES;
				CLANG_WARN_BLOCK_CAPTURE_AUTORELEASING = YES;
				CLANG_WARN_BOOL_CONVERSION = YES;
				CLANG_WARN_COMMA = YES;
				CLANG_WARN_CONSTANT_CONVERSION = YES;
				CLANG_WARN_DEPRECATED_OBJC_IMPLEMENTATIONS = YES;
				CLANG_WARN_DIRECT_OBJC_ISA_USAGE = YES_ERROR;
				CLANG_WARN_DOCUMENTATION_COMMENTS = YES;
				CLANG_WARN_EMPTY_BODY = YES;
				CLANG_WARN_ENUM_CONVERSION = YES;
				CLANG_WARN_INFINITE_RECURSION = YES;
				CLANG_WARN_INT_CONVERSION = YES;
				CLANG_WARN_NON_LITERAL_NULL_CONVERSION = YES;
				CLANG_WARN_OBJC_IMPLICIT_RETAIN_SELF = YES;
				CLANG_WARN_OBJC_LITERAL_CONVERSION = YES;
				CLANG_WARN_OBJC_ROOT_CLASS = YES_ERROR;
				CLANG_WARN_QUOTED_INCLUDE_IN_FRAMEWORK_HEADER = YES;
				CLANG_WARN_RANGE_LOOP_ANALYSIS = YES;
				CLANG_WARN_STRICT_PROTOTYPES = YES;
				CLANG_WARN_SUSPICIOUS_MOVE = YES;
				CLANG_WARN_UNGUARDED_AVAILABILITY = YES_AGGRESSIVE;
				CLANG_WARN_UNREACHABLE_CODE = YES;
				CLANG_WARN__DUPLICATE_METHOD_MATCH = YES;
				COPY_PHASE_STRIP = NO;
				DEBUG_INFORMATION_FORMAT = "dwarf-with-dsym";
				ENABLE_NS_ASSERTIONS = NO;
				ENABLE_STRICT_OBJC_MSGSEND = YES;
				GCC_C_LANGUAGE_STANDARD = gnu11;
				GCC_NO_COMMON_BLOCKS = YES;
				GCC_WARN_64_TO_32_BIT_CONVERSION = YES;
				GCC_WARN_ABOUT_RETURN_TYPE = YES_ERROR;
				GCC_WARN_UNDECLARED_SELECTOR = YES;
				GCC_WARN_UNINITIALIZED_AUTOS = YES_AGGRESSIVE;
				GCC_WARN_UNUSED_FUNCTION = YES;
				GCC_WARN_UNUSED_VARIABLE = YES;
				IPHONEOS_DEPLOYMENT_TARGET = 16.4;
				MTL_ENABLE_DEBUG_INFO = NO;
				MTL_FAST_MATH = YES;
				SDKROOT = iphoneos;
				SWIFT_COMPILATION_MODE = wholemodule;
				SWIFT_OPTIMIZATION_LEVEL = "-O";
				VALIDATE_PRODUCT = YES;
			};
			name = Release;
		};
		651915042A77F6B1006593C7 /* Debug */ = {
			isa = XCBuildConfiguration;
			buildSettings = {
				ASSETCATALOG_COMPILER_APPICON_NAME = AppIcon;
				ASSETCATALOG_COMPILER_GLOBAL_ACCENT_COLOR_NAME = AccentColor;
				CODE_SIGN_STYLE = Automatic;
				CURRENT_PROJECT_VERSION = 1;
				DEVELOPMENT_TEAM = FA65S9K7YK;
				GENERATE_INFOPLIST_FILE = YES;
				INFOPLIST_FILE = "Fil Rouge/Info.plist";
				INFOPLIST_KEY_UIApplicationSupportsIndirectInputEvents = YES;
				INFOPLIST_KEY_UILaunchStoryboardName = LaunchScreen;
				INFOPLIST_KEY_UIMainStoryboardFile = Main;
				INFOPLIST_KEY_UISupportedInterfaceOrientations_iPad = "UIInterfaceOrientationPortrait UIInterfaceOrientationPortraitUpsideDown UIInterfaceOrientationLandscapeLeft UIInterfaceOrientationLandscapeRight";
				INFOPLIST_KEY_UISupportedInterfaceOrientations_iPhone = "UIInterfaceOrientationPortrait UIInterfaceOrientationLandscapeLeft UIInterfaceOrientationLandscapeRight";
				LD_RUNPATH_SEARCH_PATHS = (
					"$(inherited)",
					"@executable_path/Frameworks",
				);
				MARKETING_VERSION = 1.0;
				PRODUCT_BUNDLE_IDENTIFIER = "be.technifutur.Fil-Rouge";
				PRODUCT_NAME = "$(TARGET_NAME)";
				SWIFT_EMIT_LOC_STRINGS = YES;
				SWIFT_VERSION = 5.0;
				TARGETED_DEVICE_FAMILY = "1,2";
			};
			name = Debug;
		};
		651915052A77F6B1006593C7 /* Release */ = {
			isa = XCBuildConfiguration;
			buildSettings = {
				ASSETCATALOG_COMPILER_APPICON_NAME = AppIcon;
				ASSETCATALOG_COMPILER_GLOBAL_ACCENT_COLOR_NAME = AccentColor;
				CODE_SIGN_STYLE = Automatic;
				CURRENT_PROJECT_VERSION = 1;
				DEVELOPMENT_TEAM = FA65S9K7YK;
				GENERATE_INFOPLIST_FILE = YES;
				INFOPLIST_FILE = "Fil Rouge/Info.plist";
				INFOPLIST_KEY_UIApplicationSupportsIndirectInputEvents = YES;
				INFOPLIST_KEY_UILaunchStoryboardName = LaunchScreen;
				INFOPLIST_KEY_UIMainStoryboardFile = Main;
				INFOPLIST_KEY_UISupportedInterfaceOrientations_iPad = "UIInterfaceOrientationPortrait UIInterfaceOrientationPortraitUpsideDown UIInterfaceOrientationLandscapeLeft UIInterfaceOrientationLandscapeRight";
				INFOPLIST_KEY_UISupportedInterfaceOrientations_iPhone = "UIInterfaceOrientationPortrait UIInterfaceOrientationLandscapeLeft UIInterfaceOrientationLandscapeRight";
				LD_RUNPATH_SEARCH_PATHS = (
					"$(inherited)",
					"@executable_path/Frameworks",
				);
				MARKETING_VERSION = 1.0;
				PRODUCT_BUNDLE_IDENTIFIER = "be.technifutur.Fil-Rouge";
				PRODUCT_NAME = "$(TARGET_NAME)";
				SWIFT_EMIT_LOC_STRINGS = YES;
				SWIFT_VERSION = 5.0;
				TARGETED_DEVICE_FAMILY = "1,2";
			};
			name = Release;
		};
/* End XCBuildConfiguration section */

/* Begin XCConfigurationList section */
		651914EA2A77F6B0006593C7 /* Build configuration list for PBXProject "Fil Rouge" */ = {
			isa = XCConfigurationList;
			buildConfigurations = (
				651915012A77F6B1006593C7 /* Debug */,
				651915022A77F6B1006593C7 /* Release */,
			);
			defaultConfigurationIsVisible = 0;
			defaultConfigurationName = Release;
		};
		651915032A77F6B1006593C7 /* Build configuration list for PBXNativeTarget "Fil Rouge" */ = {
			isa = XCConfigurationList;
			buildConfigurations = (
				651915042A77F6B1006593C7 /* Debug */,
				651915052A77F6B1006593C7 /* Release */,
			);
			defaultConfigurationIsVisible = 0;
			defaultConfigurationName = Release;
		};
/* End XCConfigurationList section */
	};
	rootObject = 651914E72A77F6B0006593C7 /* Project object */;
}
